// !$*UTF8*$!
{
	archiveVersion = 1;
	classes = {
	};
	objectVersion = 56;
	objects = {

/* Begin PBXBuildFile section */
		2214D5FD2BAE0A9F002A3B74 /* WelcomePageView.swift in Sources */ = {isa = PBXBuildFile; fileRef = 2214D5FC2BAE0A9F002A3B74 /* WelcomePageView.swift */; };
		2214D6012BAF3E77002A3B74 /* SignUp.swift in Sources */ = {isa = PBXBuildFile; fileRef = 2214D6002BAF3E77002A3B74 /* SignUp.swift */; };
		227C9DE02BB2018F00EBFFCC /* LoginView.swift in Sources */ = {isa = PBXBuildFile; fileRef = 227C9DDF2BB2018F00EBFFCC /* LoginView.swift */; };
		22AECE852BA4C14A001099FA /* Agile_ProjectApp.swift in Sources */ = {isa = PBXBuildFile; fileRef = 22AECE842BA4C14A001099FA /* Agile_ProjectApp.swift */; };
		22AECE892BA4C14F001099FA /* Assets.xcassets in Resources */ = {isa = PBXBuildFile; fileRef = 22AECE882BA4C14F001099FA /* Assets.xcassets */; };
		22AECE8D2BA4C14F001099FA /* Preview Assets.xcassets in Resources */ = {isa = PBXBuildFile; fileRef = 22AECE8C2BA4C14F001099FA /* Preview Assets.xcassets */; };
		22AECE942BA4D295001099FA /* MainView.swift in Sources */ = {isa = PBXBuildFile; fileRef = 22AECE932BA4D295001099FA /* MainView.swift */; };
		22AECE962BA4D840001099FA /* Projects.swift in Sources */ = {isa = PBXBuildFile; fileRef = 22AECE952BA4D840001099FA /* Projects.swift */; };
		22AECE982BA4D861001099FA /* HomeView.swift in Sources */ = {isa = PBXBuildFile; fileRef = 22AECE972BA4D861001099FA /* HomeView.swift */; };
		22AECE9A2BA4D86C001099FA /* SpikeView.swift in Sources */ = {isa = PBXBuildFile; fileRef = 22AECE992BA4D86C001099FA /* SpikeView.swift */; };
		22AECE9D2BA4D9F0001099FA /* ProfileView.swift in Sources */ = {isa = PBXBuildFile; fileRef = 22AECE9C2BA4D9F0001099FA /* ProfileView.swift */; };
		22AECE9F2BA4DA00001099FA /* ShowMoreView.swift in Sources */ = {isa = PBXBuildFile; fileRef = 22AECE9E2BA4DA00001099FA /* ShowMoreView.swift */; };
		22D1C09E2BBB362900253AC3 /* RedditMono-Regular.ttf in Resources */ = {isa = PBXBuildFile; fileRef = 22D1C09D2BBB362800253AC3 /* RedditMono-Regular.ttf */; };
		22D6B6272BB6ECAB00563E04 /* FirebaseAnalytics in Frameworks */ = {isa = PBXBuildFile; productRef = 22D6B6262BB6ECAB00563E04 /* FirebaseAnalytics */; };
		22D6B6292BB6ECAB00563E04 /* FirebaseAnalyticsOnDeviceConversion in Frameworks */ = {isa = PBXBuildFile; productRef = 22D6B6282BB6ECAB00563E04 /* FirebaseAnalyticsOnDeviceConversion */; };
		22D6B62B2BB6ECAB00563E04 /* FirebaseAnalyticsSwift in Frameworks */ = {isa = PBXBuildFile; productRef = 22D6B62A2BB6ECAB00563E04 /* FirebaseAnalyticsSwift */; };
		22D6B62D2BB6ECAB00563E04 /* FirebaseAnalyticsWithoutAdIdSupport in Frameworks */ = {isa = PBXBuildFile; productRef = 22D6B62C2BB6ECAB00563E04 /* FirebaseAnalyticsWithoutAdIdSupport */; };
		22D6B62F2BB6ECAB00563E04 /* FirebaseAppCheck in Frameworks */ = {isa = PBXBuildFile; productRef = 22D6B62E2BB6ECAB00563E04 /* FirebaseAppCheck */; };
		22D6B6312BB6ECAB00563E04 /* FirebaseAppDistribution-Beta in Frameworks */ = {isa = PBXBuildFile; productRef = 22D6B6302BB6ECAB00563E04 /* FirebaseAppDistribution-Beta */; };
		22D6B6332BB6ECAB00563E04 /* FirebaseAuth in Frameworks */ = {isa = PBXBuildFile; productRef = 22D6B6322BB6ECAB00563E04 /* FirebaseAuth */; };
		22D6B6352BB6ECAB00563E04 /* FirebaseAuthCombine-Community in Frameworks */ = {isa = PBXBuildFile; productRef = 22D6B6342BB6ECAB00563E04 /* FirebaseAuthCombine-Community */; };
		22D6B6372BB6ECAB00563E04 /* FirebaseCrashlytics in Frameworks */ = {isa = PBXBuildFile; productRef = 22D6B6362BB6ECAB00563E04 /* FirebaseCrashlytics */; };
		22D6B6392BB6ECAB00563E04 /* FirebaseDatabase in Frameworks */ = {isa = PBXBuildFile; productRef = 22D6B6382BB6ECAB00563E04 /* FirebaseDatabase */; };
		22D6B63B2BB6ECAB00563E04 /* FirebaseDatabaseSwift in Frameworks */ = {isa = PBXBuildFile; productRef = 22D6B63A2BB6ECAB00563E04 /* FirebaseDatabaseSwift */; };
		22D6B63D2BB6ECAB00563E04 /* FirebaseDynamicLinks in Frameworks */ = {isa = PBXBuildFile; productRef = 22D6B63C2BB6ECAB00563E04 /* FirebaseDynamicLinks */; };
		22D6B63F2BB6ECAB00563E04 /* FirebaseFirestore in Frameworks */ = {isa = PBXBuildFile; productRef = 22D6B63E2BB6ECAB00563E04 /* FirebaseFirestore */; };
		22D6B6412BB6ECAB00563E04 /* FirebaseFirestoreCombine-Community in Frameworks */ = {isa = PBXBuildFile; productRef = 22D6B6402BB6ECAB00563E04 /* FirebaseFirestoreCombine-Community */; };
		22D6B6432BB6ECAB00563E04 /* FirebaseFirestoreSwift in Frameworks */ = {isa = PBXBuildFile; productRef = 22D6B6422BB6ECAB00563E04 /* FirebaseFirestoreSwift */; };
		22D6B6452BB6ECAB00563E04 /* FirebaseFunctions in Frameworks */ = {isa = PBXBuildFile; productRef = 22D6B6442BB6ECAB00563E04 /* FirebaseFunctions */; };
		22D6B6472BB6ECAB00563E04 /* FirebaseFunctionsCombine-Community in Frameworks */ = {isa = PBXBuildFile; productRef = 22D6B6462BB6ECAB00563E04 /* FirebaseFunctionsCombine-Community */; };
		22D6B6492BB6ECAB00563E04 /* FirebaseInAppMessaging-Beta in Frameworks */ = {isa = PBXBuildFile; productRef = 22D6B6482BB6ECAB00563E04 /* FirebaseInAppMessaging-Beta */; };
		22D6B64B2BB6ECAB00563E04 /* FirebaseInAppMessagingSwift-Beta in Frameworks */ = {isa = PBXBuildFile; productRef = 22D6B64A2BB6ECAB00563E04 /* FirebaseInAppMessagingSwift-Beta */; };
		22D6B64D2BB6ECAB00563E04 /* FirebaseInstallations in Frameworks */ = {isa = PBXBuildFile; productRef = 22D6B64C2BB6ECAB00563E04 /* FirebaseInstallations */; };
		22D6B64F2BB6ECAB00563E04 /* FirebaseMLModelDownloader in Frameworks */ = {isa = PBXBuildFile; productRef = 22D6B64E2BB6ECAB00563E04 /* FirebaseMLModelDownloader */; };
		22D6B6512BB6ECAB00563E04 /* FirebaseMessaging in Frameworks */ = {isa = PBXBuildFile; productRef = 22D6B6502BB6ECAB00563E04 /* FirebaseMessaging */; };
		22D6B6532BB6ECAB00563E04 /* FirebasePerformance in Frameworks */ = {isa = PBXBuildFile; productRef = 22D6B6522BB6ECAB00563E04 /* FirebasePerformance */; };
		22D6B6552BB6ECAB00563E04 /* FirebaseRemoteConfig in Frameworks */ = {isa = PBXBuildFile; productRef = 22D6B6542BB6ECAB00563E04 /* FirebaseRemoteConfig */; };
		22D6B6572BB6ECAB00563E04 /* FirebaseRemoteConfigSwift in Frameworks */ = {isa = PBXBuildFile; productRef = 22D6B6562BB6ECAB00563E04 /* FirebaseRemoteConfigSwift */; };
		22D6B6592BB6ECAB00563E04 /* FirebaseStorage in Frameworks */ = {isa = PBXBuildFile; productRef = 22D6B6582BB6ECAB00563E04 /* FirebaseStorage */; };
		22D6B65B2BB6ECAB00563E04 /* FirebaseStorageCombine-Community in Frameworks */ = {isa = PBXBuildFile; productRef = 22D6B65A2BB6ECAB00563E04 /* FirebaseStorageCombine-Community */; };
		22D6B6602BB6F29600563E04 /* InputView.swift in Sources */ = {isa = PBXBuildFile; fileRef = 22D6B65F2BB6F29600563E04 /* InputView.swift */; };
		22E36CC62BB7033400FB3425 /* SettingRowView.swift in Sources */ = {isa = PBXBuildFile; fileRef = 22E36CC52BB7033400FB3425 /* SettingRowView.swift */; };
		22E36CC82BB706FB00FB3425 /* User.swift in Sources */ = {isa = PBXBuildFile; fileRef = 22E36CC72BB706FB00FB3425 /* User.swift */; };
		22E36CCB2BB715B900FB3425 /* GoogleService-Info.plist in Resources */ = {isa = PBXBuildFile; fileRef = 22E36CCA2BB715B900FB3425 /* GoogleService-Info.plist */; };
		22E36CCE2BB716E500FB3425 /* GoogleSignIn in Frameworks */ = {isa = PBXBuildFile; productRef = 22E36CCD2BB716E500FB3425 /* GoogleSignIn */; };
		22E36CD02BB716E500FB3425 /* GoogleSignInSwift in Frameworks */ = {isa = PBXBuildFile; productRef = 22E36CCF2BB716E500FB3425 /* GoogleSignInSwift */; };
		22E36CD52BB73E4A00FB3425 /* AuthenticationHandle.swift in Sources */ = {isa = PBXBuildFile; fileRef = 22E36CD42BB73E4900FB3425 /* AuthenticationHandle.swift */; };
/* End PBXBuildFile section */

/* Begin PBXFileReference section */
		2214D5FC2BAE0A9F002A3B74 /* WelcomePageView.swift */ = {isa = PBXFileReference; lastKnownFileType = sourcecode.swift; path = WelcomePageView.swift; sourceTree = "<group>"; };
		2214D6002BAF3E77002A3B74 /* SignUp.swift */ = {isa = PBXFileReference; lastKnownFileType = sourcecode.swift; path = SignUp.swift; sourceTree = "<group>"; };
		227C9DDF2BB2018F00EBFFCC /* LoginView.swift */ = {isa = PBXFileReference; lastKnownFileType = sourcecode.swift; path = LoginView.swift; sourceTree = "<group>"; };
		22AECE812BA4C14A001099FA /* Agile Project.app */ = {isa = PBXFileReference; explicitFileType = wrapper.application; includeInIndex = 0; path = "Agile Project.app"; sourceTree = BUILT_PRODUCTS_DIR; };
		22AECE842BA4C14A001099FA /* Agile_ProjectApp.swift */ = {isa = PBXFileReference; lastKnownFileType = sourcecode.swift; path = Agile_ProjectApp.swift; sourceTree = "<group>"; };
		22AECE882BA4C14F001099FA /* Assets.xcassets */ = {isa = PBXFileReference; lastKnownFileType = folder.assetcatalog; path = Assets.xcassets; sourceTree = "<group>"; };
		22AECE8A2BA4C14F001099FA /* Agile_Project.entitlements */ = {isa = PBXFileReference; lastKnownFileType = text.plist.entitlements; path = Agile_Project.entitlements; sourceTree = "<group>"; };
		22AECE8C2BA4C14F001099FA /* Preview Assets.xcassets */ = {isa = PBXFileReference; lastKnownFileType = folder.assetcatalog; path = "Preview Assets.xcassets"; sourceTree = "<group>"; };
		22AECE932BA4D295001099FA /* MainView.swift */ = {isa = PBXFileReference; lastKnownFileType = sourcecode.swift; path = MainView.swift; sourceTree = "<group>"; };
		22AECE952BA4D840001099FA /* Projects.swift */ = {isa = PBXFileReference; lastKnownFileType = sourcecode.swift; path = Projects.swift; sourceTree = "<group>"; };
		22AECE972BA4D861001099FA /* HomeView.swift */ = {isa = PBXFileReference; lastKnownFileType = sourcecode.swift; path = HomeView.swift; sourceTree = "<group>"; };
		22AECE992BA4D86C001099FA /* SpikeView.swift */ = {isa = PBXFileReference; lastKnownFileType = sourcecode.swift; path = SpikeView.swift; sourceTree = "<group>"; };
		22AECE9C2BA4D9F0001099FA /* ProfileView.swift */ = {isa = PBXFileReference; lastKnownFileType = sourcecode.swift; path = ProfileView.swift; sourceTree = "<group>"; };
		22AECE9E2BA4DA00001099FA /* ShowMoreView.swift */ = {isa = PBXFileReference; lastKnownFileType = sourcecode.swift; path = ShowMoreView.swift; sourceTree = "<group>"; };
		22D1C09D2BBB362800253AC3 /* RedditMono-Regular.ttf */ = {isa = PBXFileReference; lastKnownFileType = file; path = "RedditMono-Regular.ttf"; sourceTree = "<group>"; };
		22D6B65F2BB6F29600563E04 /* InputView.swift */ = {isa = PBXFileReference; lastKnownFileType = sourcecode.swift; path = InputView.swift; sourceTree = "<group>"; };
		22E36CC52BB7033400FB3425 /* SettingRowView.swift */ = {isa = PBXFileReference; lastKnownFileType = sourcecode.swift; path = SettingRowView.swift; sourceTree = "<group>"; };
		22E36CC72BB706FB00FB3425 /* User.swift */ = {isa = PBXFileReference; lastKnownFileType = sourcecode.swift; path = User.swift; sourceTree = "<group>"; };
		22E36CCA2BB715B900FB3425 /* GoogleService-Info.plist */ = {isa = PBXFileReference; fileEncoding = 4; lastKnownFileType = text.plist.xml; name = "GoogleService-Info.plist"; path = "../../../Downloads/GoogleService-Info.plist"; sourceTree = "<group>"; };
		22E36CD12BB7171500FB3425 /* Agile-Project-Info.plist */ = {isa = PBXFileReference; lastKnownFileType = text.plist; path = "Agile-Project-Info.plist"; sourceTree = SOURCE_ROOT; };
		22E36CD42BB73E4900FB3425 /* AuthenticationHandle.swift */ = {isa = PBXFileReference; lastKnownFileType = sourcecode.swift; path = AuthenticationHandle.swift; sourceTree = "<group>"; };
/* End PBXFileReference section */

/* Begin PBXFrameworksBuildPhase section */
		22AECE7E2BA4C14A001099FA /* Frameworks */ = {
			isa = PBXFrameworksBuildPhase;
			buildActionMask = 2147483647;
			files = (
				22D6B6392BB6ECAB00563E04 /* FirebaseDatabase in Frameworks */,
				22D6B6472BB6ECAB00563E04 /* FirebaseFunctionsCombine-Community in Frameworks */,
				22D6B63F2BB6ECAB00563E04 /* FirebaseFirestore in Frameworks */,
				22D6B62B2BB6ECAB00563E04 /* FirebaseAnalyticsSwift in Frameworks */,
				22D6B6272BB6ECAB00563E04 /* FirebaseAnalytics in Frameworks */,
				22D6B6292BB6ECAB00563E04 /* FirebaseAnalyticsOnDeviceConversion in Frameworks */,
				22D6B64F2BB6ECAB00563E04 /* FirebaseMLModelDownloader in Frameworks */,
				22E36CD02BB716E500FB3425 /* GoogleSignInSwift in Frameworks */,
				22D6B6432BB6ECAB00563E04 /* FirebaseFirestoreSwift in Frameworks */,
				22D6B62F2BB6ECAB00563E04 /* FirebaseAppCheck in Frameworks */,
				22D6B62D2BB6ECAB00563E04 /* FirebaseAnalyticsWithoutAdIdSupport in Frameworks */,
				22D6B6332BB6ECAB00563E04 /* FirebaseAuth in Frameworks */,
				22D6B6372BB6ECAB00563E04 /* FirebaseCrashlytics in Frameworks */,
				22D6B6572BB6ECAB00563E04 /* FirebaseRemoteConfigSwift in Frameworks */,
				22E36CCE2BB716E500FB3425 /* GoogleSignIn in Frameworks */,
				22D6B6492BB6ECAB00563E04 /* FirebaseInAppMessaging-Beta in Frameworks */,
				22D6B63B2BB6ECAB00563E04 /* FirebaseDatabaseSwift in Frameworks */,
				22D6B6452BB6ECAB00563E04 /* FirebaseFunctions in Frameworks */,
				22D6B65B2BB6ECAB00563E04 /* FirebaseStorageCombine-Community in Frameworks */,
				22D6B6552BB6ECAB00563E04 /* FirebaseRemoteConfig in Frameworks */,
				22D6B6312BB6ECAB00563E04 /* FirebaseAppDistribution-Beta in Frameworks */,
				22D6B6352BB6ECAB00563E04 /* FirebaseAuthCombine-Community in Frameworks */,
				22D6B6532BB6ECAB00563E04 /* FirebasePerformance in Frameworks */,
				22D6B64B2BB6ECAB00563E04 /* FirebaseInAppMessagingSwift-Beta in Frameworks */,
				22D6B6592BB6ECAB00563E04 /* FirebaseStorage in Frameworks */,
				22D6B63D2BB6ECAB00563E04 /* FirebaseDynamicLinks in Frameworks */,
				22D6B6412BB6ECAB00563E04 /* FirebaseFirestoreCombine-Community in Frameworks */,
				22D6B6512BB6ECAB00563E04 /* FirebaseMessaging in Frameworks */,
				22D6B64D2BB6ECAB00563E04 /* FirebaseInstallations in Frameworks */,
			);
			runOnlyForDeploymentPostprocessing = 0;
		};
/* End PBXFrameworksBuildPhase section */

/* Begin PBXGroup section */
		22AECE782BA4C14A001099FA = {
			isa = PBXGroup;
			children = (
				22AECE832BA4C14A001099FA /* Agile Project */,
				22AECE822BA4C14A001099FA /* Products */,
			);
			sourceTree = "<group>";
		};
		22AECE822BA4C14A001099FA /* Products */ = {
			isa = PBXGroup;
			children = (
				22AECE812BA4C14A001099FA /* Agile Project.app */,
			);
			name = Products;
			sourceTree = "<group>";
		};
		22AECE832BA4C14A001099FA /* Agile Project */ = {
			isa = PBXGroup;
			children = (
				22AECE842BA4C14A001099FA /* Agile_ProjectApp.swift */,
				22AECE932BA4D295001099FA /* MainView.swift */,
				22E36CC92BB7070B00FB3425 /* Model */,
				22AECE9B2BA4D87C001099FA /* Views */,
				22D1C09D2BBB362800253AC3 /* RedditMono-Regular.ttf */,
				22AECE882BA4C14F001099FA /* Assets.xcassets */,
				22AECE8A2BA4C14F001099FA /* Agile_Project.entitlements */,
				22E36CCA2BB715B900FB3425 /* GoogleService-Info.plist */,
				22E36CD12BB7171500FB3425 /* Agile-Project-Info.plist */,
				22AECE8B2BA4C14F001099FA /* Preview Content */,
			);
			path = "Agile Project";
			sourceTree = "<group>";
		};
		22AECE8B2BA4C14F001099FA /* Preview Content */ = {
			isa = PBXGroup;
			children = (
				22AECE8C2BA4C14F001099FA /* Preview Assets.xcassets */,
			);
			path = "Preview Content";
			sourceTree = "<group>";
		};
		22AECE9B2BA4D87C001099FA /* Views */ = {
			isa = PBXGroup;
			children = (
				22D6B65C2BB6F04800563E04 /* WelcomeViews */,
				22D6B65D2BB6F07000563E04 /* MainViews */,
				22D6B65E2BB6F08900563E04 /* SideViews */,
			);
			path = Views;
			sourceTree = "<group>";
		};
		22D6B65C2BB6F04800563E04 /* WelcomeViews */ = {
			isa = PBXGroup;
			children = (
				2214D5FC2BAE0A9F002A3B74 /* WelcomePageView.swift */,
				2214D6002BAF3E77002A3B74 /* SignUp.swift */,
				227C9DDF2BB2018F00EBFFCC /* LoginView.swift */,
				22D6B65F2BB6F29600563E04 /* InputView.swift */,
				22E36CD42BB73E4900FB3425 /* AuthenticationHandle.swift */,
			);
			path = WelcomeViews;
			sourceTree = "<group>";
		};
		22D6B65D2BB6F07000563E04 /* MainViews */ = {
			isa = PBXGroup;
			children = (
				22AECE952BA4D840001099FA /* Projects.swift */,
				22AECE972BA4D861001099FA /* HomeView.swift */,
				22AECE992BA4D86C001099FA /* SpikeView.swift */,
			);
			path = MainViews;
			sourceTree = "<group>";
		};
		22D6B65E2BB6F08900563E04 /* SideViews */ = {
			isa = PBXGroup;
			children = (
				22AECE9C2BA4D9F0001099FA /* ProfileView.swift */,
				22AECE9E2BA4DA00001099FA /* ShowMoreView.swift */,
				22E36CC52BB7033400FB3425 /* SettingRowView.swift */,
			);
			path = SideViews;
			sourceTree = "<group>";
		};
		22E36CC92BB7070B00FB3425 /* Model */ = {
			isa = PBXGroup;
			children = (
				22E36CC72BB706FB00FB3425 /* User.swift */,
			);
			path = Model;
			sourceTree = "<group>";
		};
/* End PBXGroup section */

/* Begin PBXNativeTarget section */
		22AECE802BA4C14A001099FA /* Agile Project */ = {
			isa = PBXNativeTarget;
			buildConfigurationList = 22AECE902BA4C14F001099FA /* Build configuration list for PBXNativeTarget "Agile Project" */;
			buildPhases = (
				22AECE7D2BA4C14A001099FA /* Sources */,
				22AECE7E2BA4C14A001099FA /* Frameworks */,
				22AECE7F2BA4C14A001099FA /* Resources */,
			);
			buildRules = (
			);
			dependencies = (
			);
			name = "Agile Project";
			packageProductDependencies = (
				22D6B6262BB6ECAB00563E04 /* FirebaseAnalytics */,
				22D6B6282BB6ECAB00563E04 /* FirebaseAnalyticsOnDeviceConversion */,
				22D6B62A2BB6ECAB00563E04 /* FirebaseAnalyticsSwift */,
				22D6B62C2BB6ECAB00563E04 /* FirebaseAnalyticsWithoutAdIdSupport */,
				22D6B62E2BB6ECAB00563E04 /* FirebaseAppCheck */,
				22D6B6302BB6ECAB00563E04 /* FirebaseAppDistribution-Beta */,
				22D6B6322BB6ECAB00563E04 /* FirebaseAuth */,
				22D6B6342BB6ECAB00563E04 /* FirebaseAuthCombine-Community */,
				22D6B6362BB6ECAB00563E04 /* FirebaseCrashlytics */,
				22D6B6382BB6ECAB00563E04 /* FirebaseDatabase */,
				22D6B63A2BB6ECAB00563E04 /* FirebaseDatabaseSwift */,
				22D6B63C2BB6ECAB00563E04 /* FirebaseDynamicLinks */,
				22D6B63E2BB6ECAB00563E04 /* FirebaseFirestore */,
				22D6B6402BB6ECAB00563E04 /* FirebaseFirestoreCombine-Community */,
				22D6B6422BB6ECAB00563E04 /* FirebaseFirestoreSwift */,
				22D6B6442BB6ECAB00563E04 /* FirebaseFunctions */,
				22D6B6462BB6ECAB00563E04 /* FirebaseFunctionsCombine-Community */,
				22D6B6482BB6ECAB00563E04 /* FirebaseInAppMessaging-Beta */,
				22D6B64A2BB6ECAB00563E04 /* FirebaseInAppMessagingSwift-Beta */,
				22D6B64C2BB6ECAB00563E04 /* FirebaseInstallations */,
				22D6B64E2BB6ECAB00563E04 /* FirebaseMLModelDownloader */,
				22D6B6502BB6ECAB00563E04 /* FirebaseMessaging */,
				22D6B6522BB6ECAB00563E04 /* FirebasePerformance */,
				22D6B6542BB6ECAB00563E04 /* FirebaseRemoteConfig */,
				22D6B6562BB6ECAB00563E04 /* FirebaseRemoteConfigSwift */,
				22D6B6582BB6ECAB00563E04 /* FirebaseStorage */,
				22D6B65A2BB6ECAB00563E04 /* FirebaseStorageCombine-Community */,
				22E36CCD2BB716E500FB3425 /* GoogleSignIn */,
				22E36CCF2BB716E500FB3425 /* GoogleSignInSwift */,
			);
			productName = "Agile Project";
			productReference = 22AECE812BA4C14A001099FA /* Agile Project.app */;
			productType = "com.apple.product-type.application";
		};
/* End PBXNativeTarget section */

/* Begin PBXProject section */
		22AECE792BA4C14A001099FA /* Project object */ = {
			isa = PBXProject;
			attributes = {
				BuildIndependentTargetsInParallel = 1;
				LastSwiftUpdateCheck = 1500;
				LastUpgradeCheck = 1500;
				TargetAttributes = {
					22AECE802BA4C14A001099FA = {
						CreatedOnToolsVersion = 15.0;
					};
				};
			};
			buildConfigurationList = 22AECE7C2BA4C14A001099FA /* Build configuration list for PBXProject "Agile Project" */;
			compatibilityVersion = "Xcode 14.0";
			developmentRegion = en;
			hasScannedForEncodings = 0;
			knownRegions = (
				en,
				Base,
			);
			mainGroup = 22AECE782BA4C14A001099FA;
			packageReferences = (
				22D6B6252BB6ECAB00563E04 /* XCRemoteSwiftPackageReference "firebase-ios-sdk" */,
				22E36CCC2BB716E500FB3425 /* XCRemoteSwiftPackageReference "GoogleSignIn-iOS" */,
			);
			productRefGroup = 22AECE822BA4C14A001099FA /* Products */;
			projectDirPath = "";
			projectRoot = "";
			targets = (
				22AECE802BA4C14A001099FA /* Agile Project */,
			);
		};
/* End PBXProject section */

/* Begin PBXResourcesBuildPhase section */
		22AECE7F2BA4C14A001099FA /* Resources */ = {
			isa = PBXResourcesBuildPhase;
			buildActionMask = 2147483647;
			files = (
				22AECE8D2BA4C14F001099FA /* Preview Assets.xcassets in Resources */,
				22E36CCB2BB715B900FB3425 /* GoogleService-Info.plist in Resources */,
				22D1C09E2BBB362900253AC3 /* RedditMono-Regular.ttf in Resources */,
				22AECE892BA4C14F001099FA /* Assets.xcassets in Resources */,
			);
			runOnlyForDeploymentPostprocessing = 0;
		};
/* End PBXResourcesBuildPhase section */

/* Begin PBXSourcesBuildPhase section */
		22AECE7D2BA4C14A001099FA /* Sources */ = {
			isa = PBXSourcesBuildPhase;
			buildActionMask = 2147483647;
			files = (
				22E36CC82BB706FB00FB3425 /* User.swift in Sources */,
				22AECE942BA4D295001099FA /* MainView.swift in Sources */,
				22AECE852BA4C14A001099FA /* Agile_ProjectApp.swift in Sources */,
				22AECE9A2BA4D86C001099FA /* SpikeView.swift in Sources */,
				22AECE9F2BA4DA00001099FA /* ShowMoreView.swift in Sources */,
				2214D5FD2BAE0A9F002A3B74 /* WelcomePageView.swift in Sources */,
				22AECE982BA4D861001099FA /* HomeView.swift in Sources */,
				22AECE9D2BA4D9F0001099FA /* ProfileView.swift in Sources */,
				2214D6012BAF3E77002A3B74 /* SignUp.swift in Sources */,
				22E36CC62BB7033400FB3425 /* SettingRowView.swift in Sources */,
				22D6B6602BB6F29600563E04 /* InputView.swift in Sources */,
				227C9DE02BB2018F00EBFFCC /* LoginView.swift in Sources */,
				22AECE962BA4D840001099FA /* Projects.swift in Sources */,
				22E36CD52BB73E4A00FB3425 /* AuthenticationHandle.swift in Sources */,
			);
			runOnlyForDeploymentPostprocessing = 0;
		};
/* End PBXSourcesBuildPhase section */

/* Begin XCBuildConfiguration section */
		22AECE8E2BA4C14F001099FA /* Debug */ = {
			isa = XCBuildConfiguration;
			buildSettings = {
				ALWAYS_SEARCH_USER_PATHS = NO;
				ASSETCATALOG_COMPILER_GENERATE_SWIFT_ASSET_SYMBOL_EXTENSIONS = YES;
				CLANG_ANALYZER_NONNULL = YES;
				CLANG_ANALYZER_NUMBER_OBJECT_CONVERSION = YES_AGGRESSIVE;
				CLANG_CXX_LANGUAGE_STANDARD = "gnu++20";
				CLANG_ENABLE_MODULES = YES;
				CLANG_ENABLE_OBJC_ARC = YES;
				CLANG_ENABLE_OBJC_WEAK = YES;
				CLANG_WARN_BLOCK_CAPTURE_AUTORELEASING = YES;
				CLANG_WARN_BOOL_CONVERSION = YES;
				CLANG_WARN_COMMA = YES;
				CLANG_WARN_CONSTANT_CONVERSION = YES;
				CLANG_WARN_DEPRECATED_OBJC_IMPLEMENTATIONS = YES;
				CLANG_WARN_DIRECT_OBJC_ISA_USAGE = YES_ERROR;
				CLANG_WARN_DOCUMENTATION_COMMENTS = YES;
				CLANG_WARN_EMPTY_BODY = YES;
				CLANG_WARN_ENUM_CONVERSION = YES;
				CLANG_WARN_INFINITE_RECURSION = YES;
				CLANG_WARN_INT_CONVERSION = YES;
				CLANG_WARN_NON_LITERAL_NULL_CONVERSION = YES;
				CLANG_WARN_OBJC_IMPLICIT_RETAIN_SELF = YES;
				CLANG_WARN_OBJC_LITERAL_CONVERSION = YES;
				CLANG_WARN_OBJC_ROOT_CLASS = YES_ERROR;
				CLANG_WARN_QUOTED_INCLUDE_IN_FRAMEWORK_HEADER = YES;
				CLANG_WARN_RANGE_LOOP_ANALYSIS = YES;
				CLANG_WARN_STRICT_PROTOTYPES = YES;
				CLANG_WARN_SUSPICIOUS_MOVE = YES;
				CLANG_WARN_UNGUARDED_AVAILABILITY = YES_AGGRESSIVE;
				CLANG_WARN_UNREACHABLE_CODE = YES;
				CLANG_WARN__DUPLICATE_METHOD_MATCH = YES;
				COPY_PHASE_STRIP = NO;
				DEBUG_INFORMATION_FORMAT = dwarf;
				ENABLE_STRICT_OBJC_MSGSEND = YES;
				ENABLE_TESTABILITY = YES;
				ENABLE_USER_SCRIPT_SANDBOXING = YES;
				GCC_C_LANGUAGE_STANDARD = gnu17;
				GCC_DYNAMIC_NO_PIC = NO;
				GCC_NO_COMMON_BLOCKS = YES;
				GCC_OPTIMIZATION_LEVEL = 0;
				GCC_PREPROCESSOR_DEFINITIONS = (
					"DEBUG=1",
					"$(inherited)",
				);
				GCC_WARN_64_TO_32_BIT_CONVERSION = YES;
				GCC_WARN_ABOUT_RETURN_TYPE = YES_ERROR;
				GCC_WARN_UNDECLARED_SELECTOR = YES;
				GCC_WARN_UNINITIALIZED_AUTOS = YES_AGGRESSIVE;
				GCC_WARN_UNUSED_FUNCTION = YES;
				GCC_WARN_UNUSED_VARIABLE = YES;
				LOCALIZATION_PREFERS_STRING_CATALOGS = YES;
				MTL_ENABLE_DEBUG_INFO = INCLUDE_SOURCE;
				MTL_FAST_MATH = YES;
				ONLY_ACTIVE_ARCH = YES;
				SWIFT_ACTIVE_COMPILATION_CONDITIONS = "DEBUG $(inherited)";
				SWIFT_OPTIMIZATION_LEVEL = "-Onone";
			};
			name = Debug;
		};
		22AECE8F2BA4C14F001099FA /* Release */ = {
			isa = XCBuildConfiguration;
			buildSettings = {
				ALWAYS_SEARCH_USER_PATHS = NO;
				ASSETCATALOG_COMPILER_GENERATE_SWIFT_ASSET_SYMBOL_EXTENSIONS = YES;
				CLANG_ANALYZER_NONNULL = YES;
				CLANG_ANALYZER_NUMBER_OBJECT_CONVERSION = YES_AGGRESSIVE;
				CLANG_CXX_LANGUAGE_STANDARD = "gnu++20";
				CLANG_ENABLE_MODULES = YES;
				CLANG_ENABLE_OBJC_ARC = YES;
				CLANG_ENABLE_OBJC_WEAK = YES;
				CLANG_WARN_BLOCK_CAPTURE_AUTORELEASING = YES;
				CLANG_WARN_BOOL_CONVERSION = YES;
				CLANG_WARN_COMMA = YES;
				CLANG_WARN_CONSTANT_CONVERSION = YES;
				CLANG_WARN_DEPRECATED_OBJC_IMPLEMENTATIONS = YES;
				CLANG_WARN_DIRECT_OBJC_ISA_USAGE = YES_ERROR;
				CLANG_WARN_DOCUMENTATION_COMMENTS = YES;
				CLANG_WARN_EMPTY_BODY = YES;
				CLANG_WARN_ENUM_CONVERSION = YES;
				CLANG_WARN_INFINITE_RECURSION = YES;
				CLANG_WARN_INT_CONVERSION = YES;
				CLANG_WARN_NON_LITERAL_NULL_CONVERSION = YES;
				CLANG_WARN_OBJC_IMPLICIT_RETAIN_SELF = YES;
				CLANG_WARN_OBJC_LITERAL_CONVERSION = YES;
				CLANG_WARN_OBJC_ROOT_CLASS = YES_ERROR;
				CLANG_WARN_QUOTED_INCLUDE_IN_FRAMEWORK_HEADER = YES;
				CLANG_WARN_RANGE_LOOP_ANALYSIS = YES;
				CLANG_WARN_STRICT_PROTOTYPES = YES;
				CLANG_WARN_SUSPICIOUS_MOVE = YES;
				CLANG_WARN_UNGUARDED_AVAILABILITY = YES_AGGRESSIVE;
				CLANG_WARN_UNREACHABLE_CODE = YES;
				CLANG_WARN__DUPLICATE_METHOD_MATCH = YES;
				COPY_PHASE_STRIP = NO;
				DEBUG_INFORMATION_FORMAT = "dwarf-with-dsym";
				ENABLE_NS_ASSERTIONS = NO;
				ENABLE_STRICT_OBJC_MSGSEND = YES;
				ENABLE_USER_SCRIPT_SANDBOXING = YES;
				GCC_C_LANGUAGE_STANDARD = gnu17;
				GCC_NO_COMMON_BLOCKS = YES;
				GCC_WARN_64_TO_32_BIT_CONVERSION = YES;
				GCC_WARN_ABOUT_RETURN_TYPE = YES_ERROR;
				GCC_WARN_UNDECLARED_SELECTOR = YES;
				GCC_WARN_UNINITIALIZED_AUTOS = YES_AGGRESSIVE;
				GCC_WARN_UNUSED_FUNCTION = YES;
				GCC_WARN_UNUSED_VARIABLE = YES;
				LOCALIZATION_PREFERS_STRING_CATALOGS = YES;
				MTL_ENABLE_DEBUG_INFO = NO;
				MTL_FAST_MATH = YES;
				SWIFT_COMPILATION_MODE = wholemodule;
			};
			name = Release;
		};
		22AECE912BA4C14F001099FA /* Debug */ = {
			isa = XCBuildConfiguration;
			buildSettings = {
				ASSETCATALOG_COMPILER_APPICON_NAME = AppIcon;
				ASSETCATALOG_COMPILER_GLOBAL_ACCENT_COLOR_NAME = AccentColor;
				CODE_SIGN_ENTITLEMENTS = "Agile Project/Agile_Project.entitlements";
				CODE_SIGN_STYLE = Automatic;
				CURRENT_PROJECT_VERSION = 1;
				DEVELOPMENT_ASSET_PATHS = "\"Agile Project/Preview Content\"";
				DEVELOPMENT_TEAM = VH2NKLHXDK;
				ENABLE_HARDENED_RUNTIME = YES;
				ENABLE_PREVIEWS = YES;
				GENERATE_INFOPLIST_FILE = YES;
				INFOPLIST_FILE = "Agile-Project-Info.plist";
				INFOPLIST_KEY_LSApplicationCategoryType = "public.app-category.productivity";
				"INFOPLIST_KEY_UIApplicationSceneManifest_Generation[sdk=iphoneos*]" = YES;
				"INFOPLIST_KEY_UIApplicationSceneManifest_Generation[sdk=iphonesimulator*]" = YES;
				"INFOPLIST_KEY_UIApplicationSupportsIndirectInputEvents[sdk=iphoneos*]" = YES;
				"INFOPLIST_KEY_UIApplicationSupportsIndirectInputEvents[sdk=iphonesimulator*]" = YES;
				"INFOPLIST_KEY_UILaunchScreen_Generation[sdk=iphoneos*]" = YES;
				"INFOPLIST_KEY_UILaunchScreen_Generation[sdk=iphonesimulator*]" = YES;
				"INFOPLIST_KEY_UIStatusBarStyle[sdk=iphoneos*]" = UIStatusBarStyleDefault;
				"INFOPLIST_KEY_UIStatusBarStyle[sdk=iphonesimulator*]" = UIStatusBarStyleDefault;
				INFOPLIST_KEY_UISupportedInterfaceOrientations_iPad = "UIInterfaceOrientationPortrait UIInterfaceOrientationPortraitUpsideDown UIInterfaceOrientationLandscapeLeft UIInterfaceOrientationLandscapeRight";
				INFOPLIST_KEY_UISupportedInterfaceOrientations_iPhone = "UIInterfaceOrientationPortrait UIInterfaceOrientationLandscapeLeft UIInterfaceOrientationLandscapeRight";
				IPHONEOS_DEPLOYMENT_TARGET = 17.0;
				LD_RUNPATH_SEARCH_PATHS = "@executable_path/Frameworks";
				"LD_RUNPATH_SEARCH_PATHS[sdk=macosx*]" = "@executable_path/../Frameworks";
				MACOSX_DEPLOYMENT_TARGET = 13.6;
				MARKETING_VERSION = 1.0;
				PRODUCT_BUNDLE_IDENTIFIER = "PPaules.com.Agile-Project";
				PRODUCT_NAME = "$(TARGET_NAME)";
				SDKROOT = auto;
				SUPPORTED_PLATFORMS = "iphoneos iphonesimulator macosx";
				SWIFT_EMIT_LOC_STRINGS = YES;
				SWIFT_VERSION = 5.0;
				TARGETED_DEVICE_FAMILY = "1,2";
			};
			name = Debug;
		};
		22AECE922BA4C14F001099FA /* Release */ = {
			isa = XCBuildConfiguration;
			buildSettings = {
				ASSETCATALOG_COMPILER_APPICON_NAME = AppIcon;
				ASSETCATALOG_COMPILER_GLOBAL_ACCENT_COLOR_NAME = AccentColor;
				CODE_SIGN_ENTITLEMENTS = "Agile Project/Agile_Project.entitlements";
				CODE_SIGN_STYLE = Automatic;
				CURRENT_PROJECT_VERSION = 1;
				DEVELOPMENT_ASSET_PATHS = "\"Agile Project/Preview Content\"";
				DEVELOPMENT_TEAM = VH2NKLHXDK;
				ENABLE_HARDENED_RUNTIME = YES;
				ENABLE_PREVIEWS = YES;
				GENERATE_INFOPLIST_FILE = YES;
				INFOPLIST_FILE = "Agile-Project-Info.plist";
				INFOPLIST_KEY_LSApplicationCategoryType = "public.app-category.productivity";
				"INFOPLIST_KEY_UIApplicationSceneManifest_Generation[sdk=iphoneos*]" = YES;
				"INFOPLIST_KEY_UIApplicationSceneManifest_Generation[sdk=iphonesimulator*]" = YES;
				"INFOPLIST_KEY_UIApplicationSupportsIndirectInputEvents[sdk=iphoneos*]" = YES;
				"INFOPLIST_KEY_UIApplicationSupportsIndirectInputEvents[sdk=iphonesimulator*]" = YES;
				"INFOPLIST_KEY_UILaunchScreen_Generation[sdk=iphoneos*]" = YES;
				"INFOPLIST_KEY_UILaunchScreen_Generation[sdk=iphonesimulator*]" = YES;
				"INFOPLIST_KEY_UIStatusBarStyle[sdk=iphoneos*]" = UIStatusBarStyleDefault;
				"INFOPLIST_KEY_UIStatusBarStyle[sdk=iphonesimulator*]" = UIStatusBarStyleDefault;
				INFOPLIST_KEY_UISupportedInterfaceOrientations_iPad = "UIInterfaceOrientationPortrait UIInterfaceOrientationPortraitUpsideDown UIInterfaceOrientationLandscapeLeft UIInterfaceOrientationLandscapeRight";
				INFOPLIST_KEY_UISupportedInterfaceOrientations_iPhone = "UIInterfaceOrientationPortrait UIInterfaceOrientationLandscapeLeft UIInterfaceOrientationLandscapeRight";
				IPHONEOS_DEPLOYMENT_TARGET = 17.0;
				LD_RUNPATH_SEARCH_PATHS = "@executable_path/Frameworks";
				"LD_RUNPATH_SEARCH_PATHS[sdk=macosx*]" = "@executable_path/../Frameworks";
				MACOSX_DEPLOYMENT_TARGET = 13.6;
				MARKETING_VERSION = 1.0;
				PRODUCT_BUNDLE_IDENTIFIER = "PPaules.com.Agile-Project";
				PRODUCT_NAME = "$(TARGET_NAME)";
				SDKROOT = auto;
				SUPPORTED_PLATFORMS = "iphoneos iphonesimulator macosx";
				SWIFT_EMIT_LOC_STRINGS = YES;
				SWIFT_VERSION = 5.0;
				TARGETED_DEVICE_FAMILY = "1,2";
			};
			name = Release;
		};
/* End XCBuildConfiguration section */

/* Begin XCConfigurationList section */
		22AECE7C2BA4C14A001099FA /* Build configuration list for PBXProject "Agile Project" */ = {
			isa = XCConfigurationList;
			buildConfigurations = (
				22AECE8E2BA4C14F001099FA /* Debug */,
				22AECE8F2BA4C14F001099FA /* Release */,
			);
			defaultConfigurationIsVisible = 0;
			defaultConfigurationName = Release;
		};
		22AECE902BA4C14F001099FA /* Build configuration list for PBXNativeTarget "Agile Project" */ = {
			isa = XCConfigurationList;
			buildConfigurations = (
				22AECE912BA4C14F001099FA /* Debug */,
				22AECE922BA4C14F001099FA /* Release */,
			);
			defaultConfigurationIsVisible = 0;
			defaultConfigurationName = Release;
		};
/* End XCConfigurationList section */

/* Begin XCRemoteSwiftPackageReference section */
		22D6B6252BB6ECAB00563E04 /* XCRemoteSwiftPackageReference "firebase-ios-sdk" */ = {
			isa = XCRemoteSwiftPackageReference;
			repositoryURL = "https://github.com/firebase/firebase-ios-sdk";
			requirement = {
				kind = upToNextMajorVersion;
				minimumVersion = 10.23.1;
			};
		};
		22E36CCC2BB716E500FB3425 /* XCRemoteSwiftPackageReference "GoogleSignIn-iOS" */ = {
			isa = XCRemoteSwiftPackageReference;
			repositoryURL = "https://github.com/google/GoogleSignIn-iOS";
			requirement = {
				kind = upToNextMajorVersion;
				minimumVersion = 7.1.0;
			};
		};
/* End XCRemoteSwiftPackageReference section */

/* Begin XCSwiftPackageProductDependency section */
		22D6B6262BB6ECAB00563E04 /* FirebaseAnalytics */ = {
			isa = XCSwiftPackageProductDependency;
			package = 22D6B6252BB6ECAB00563E04 /* XCRemoteSwiftPackageReference "firebase-ios-sdk" */;
			productName = FirebaseAnalytics;
		};
		22D6B6282BB6ECAB00563E04 /* FirebaseAnalyticsOnDeviceConversion */ = {
			isa = XCSwiftPackageProductDependency;
			package = 22D6B6252BB6ECAB00563E04 /* XCRemoteSwiftPackageReference "firebase-ios-sdk" */;
			productName = FirebaseAnalyticsOnDeviceConversion;
		};
		22D6B62A2BB6ECAB00563E04 /* FirebaseAnalyticsSwift */ = {
			isa = XCSwiftPackageProductDependency;
			package = 22D6B6252BB6ECAB00563E04 /* XCRemoteSwiftPackageReference "firebase-ios-sdk" */;
			productName = FirebaseAnalyticsSwift;
		};
		22D6B62C2BB6ECAB00563E04 /* FirebaseAnalyticsWithoutAdIdSupport */ = {
			isa = XCSwiftPackageProductDependency;
			package = 22D6B6252BB6ECAB00563E04 /* XCRemoteSwiftPackageReference "firebase-ios-sdk" */;
			productName = FirebaseAnalyticsWithoutAdIdSupport;
		};
		22D6B62E2BB6ECAB00563E04 /* FirebaseAppCheck */ = {
			isa = XCSwiftPackageProductDependency;
			package = 22D6B6252BB6ECAB00563E04 /* XCRemoteSwiftPackageReference "firebase-ios-sdk" */;
			productName = FirebaseAppCheck;
		};
		22D6B6302BB6ECAB00563E04 /* FirebaseAppDistribution-Beta */ = {
			isa = XCSwiftPackageProductDependency;
			package = 22D6B6252BB6ECAB00563E04 /* XCRemoteSwiftPackageReference "firebase-ios-sdk" */;
			productName = "FirebaseAppDistribution-Beta";
		};
		22D6B6322BB6ECAB00563E04 /* FirebaseAuth */ = {
			isa = XCSwiftPackageProductDependency;
			package = 22D6B6252BB6ECAB00563E04 /* XCRemoteSwiftPackageReference "firebase-ios-sdk" */;
			productName = FirebaseAuth;
		};
		22D6B6342BB6ECAB00563E04 /* FirebaseAuthCombine-Community */ = {
			isa = XCSwiftPackageProductDependency;
			package = 22D6B6252BB6ECAB00563E04 /* XCRemoteSwiftPackageReference "firebase-ios-sdk" */;
			productName = "FirebaseAuthCombine-Community";
		};
		22D6B6362BB6ECAB00563E04 /* FirebaseCrashlytics */ = {
			isa = XCSwiftPackageProductDependency;
			package = 22D6B6252BB6ECAB00563E04 /* XCRemoteSwiftPackageReference "firebase-ios-sdk" */;
			productName = FirebaseCrashlytics;
		};
		22D6B6382BB6ECAB00563E04 /* FirebaseDatabase */ = {
			isa = XCSwiftPackageProductDependency;
			package = 22D6B6252BB6ECAB00563E04 /* XCRemoteSwiftPackageReference "firebase-ios-sdk" */;
			productName = FirebaseDatabase;
		};
		22D6B63A2BB6ECAB00563E04 /* FirebaseDatabaseSwift */ = {
			isa = XCSwiftPackageProductDependency;
			package = 22D6B6252BB6ECAB00563E04 /* XCRemoteSwiftPackageReference "firebase-ios-sdk" */;
			productName = FirebaseDatabaseSwift;
		};
		22D6B63C2BB6ECAB00563E04 /* FirebaseDynamicLinks */ = {
			isa = XCSwiftPackageProductDependency;
			package = 22D6B6252BB6ECAB00563E04 /* XCRemoteSwiftPackageReference "firebase-ios-sdk" */;
			productName = FirebaseDynamicLinks;
		};
		22D6B63E2BB6ECAB00563E04 /* FirebaseFirestore */ = {
			isa = XCSwiftPackageProductDependency;
			package = 22D6B6252BB6ECAB00563E04 /* XCRemoteSwiftPackageReference "firebase-ios-sdk" */;
			productName = FirebaseFirestore;
		};
		22D6B6402BB6ECAB00563E04 /* FirebaseFirestoreCombine-Community */ = {
			isa = XCSwiftPackageProductDependency;
			package = 22D6B6252BB6ECAB00563E04 /* XCRemoteSwiftPackageReference "firebase-ios-sdk" */;
			productName = "FirebaseFirestoreCombine-Community";
		};
		22D6B6422BB6ECAB00563E04 /* FirebaseFirestoreSwift */ = {
			isa = XCSwiftPackageProductDependency;
			package = 22D6B6252BB6ECAB00563E04 /* XCRemoteSwiftPackageReference "firebase-ios-sdk" */;
			productName = FirebaseFirestoreSwift;
		};
		22D6B6442BB6ECAB00563E04 /* FirebaseFunctions */ = {
			isa = XCSwiftPackageProductDependency;
			package = 22D6B6252BB6ECAB00563E04 /* XCRemoteSwiftPackageReference "firebase-ios-sdk" */;
			productName = FirebaseFunctions;
		};
		22D6B6462BB6ECAB00563E04 /* FirebaseFunctionsCombine-Community */ = {
			isa = XCSwiftPackageProductDependency;
			package = 22D6B6252BB6ECAB00563E04 /* XCRemoteSwiftPackageReference "firebase-ios-sdk" */;
			productName = "FirebaseFunctionsCombine-Community";
		};
		22D6B6482BB6ECAB00563E04 /* FirebaseInAppMessaging-Beta */ = {
			isa = XCSwiftPackageProductDependency;
			package = 22D6B6252BB6ECAB00563E04 /* XCRemoteSwiftPackageReference "firebase-ios-sdk" */;
			productName = "FirebaseInAppMessaging-Beta";
		};
		22D6B64A2BB6ECAB00563E04 /* FirebaseInAppMessagingSwift-Beta */ = {
			isa = XCSwiftPackageProductDependency;
			package = 22D6B6252BB6ECAB00563E04 /* XCRemoteSwiftPackageReference "firebase-ios-sdk" */;
			productName = "FirebaseInAppMessagingSwift-Beta";
		};
		22D6B64C2BB6ECAB00563E04 /* FirebaseInstallations */ = {
			isa = XCSwiftPackageProductDependency;
			package = 22D6B6252BB6ECAB00563E04 /* XCRemoteSwiftPackageReference "firebase-ios-sdk" */;
			productName = FirebaseInstallations;
		};
		22D6B64E2BB6ECAB00563E04 /* FirebaseMLModelDownloader */ = {
			isa = XCSwiftPackageProductDependency;
			package = 22D6B6252BB6ECAB00563E04 /* XCRemoteSwiftPackageReference "firebase-ios-sdk" */;
			productName = FirebaseMLModelDownloader;
		};
		22D6B6502BB6ECAB00563E04 /* FirebaseMessaging */ = {
			isa = XCSwiftPackageProductDependency;
			package = 22D6B6252BB6ECAB00563E04 /* XCRemoteSwiftPackageReference "firebase-ios-sdk" */;
			productName = FirebaseMessaging;
		};
		22D6B6522BB6ECAB00563E04 /* FirebasePerformance */ = {
			isa = XCSwiftPackageProductDependency;
			package = 22D6B6252BB6ECAB00563E04 /* XCRemoteSwiftPackageReference "firebase-ios-sdk" */;
			productName = FirebasePerformance;
		};
		22D6B6542BB6ECAB00563E04 /* FirebaseRemoteConfig */ = {
			isa = XCSwiftPackageProductDependency;
			package = 22D6B6252BB6ECAB00563E04 /* XCRemoteSwiftPackageReference "firebase-ios-sdk" */;
			productName = FirebaseRemoteConfig;
		};
		22D6B6562BB6ECAB00563E04 /* FirebaseRemoteConfigSwift */ = {
			isa = XCSwiftPackageProductDependency;
			package = 22D6B6252BB6ECAB00563E04 /* XCRemoteSwiftPackageReference "firebase-ios-sdk" */;
			productName = FirebaseRemoteConfigSwift;
		};
		22D6B6582BB6ECAB00563E04 /* FirebaseStorage */ = {
			isa = XCSwiftPackageProductDependency;
			package = 22D6B6252BB6ECAB00563E04 /* XCRemoteSwiftPackageReference "firebase-ios-sdk" */;
			productName = FirebaseStorage;
		};
		22D6B65A2BB6ECAB00563E04 /* FirebaseStorageCombine-Community */ = {
			isa = XCSwiftPackageProductDependency;
			package = 22D6B6252BB6ECAB00563E04 /* XCRemoteSwiftPackageReference "firebase-ios-sdk" */;
			productName = "FirebaseStorageCombine-Community";
		};
		22E36CCD2BB716E500FB3425 /* GoogleSignIn */ = {
			isa = XCSwiftPackageProductDependency;
			package = 22E36CCC2BB716E500FB3425 /* XCRemoteSwiftPackageReference "GoogleSignIn-iOS" */;
			productName = GoogleSignIn;
		};
		22E36CCF2BB716E500FB3425 /* GoogleSignInSwift */ = {
			isa = XCSwiftPackageProductDependency;
			package = 22E36CCC2BB716E500FB3425 /* XCRemoteSwiftPackageReference "GoogleSignIn-iOS" */;
			productName = GoogleSignInSwift;
		};
/* End XCSwiftPackageProductDependency section */
	};
	rootObject = 22AECE792BA4C14A001099FA /* Project object */;
}
